
Microsoft Visual Studio Solution File, Format Version 12.00
# Visual Studio Express 2012 for Windows Desktop
Project("{FAE04EC0-301F-11D3-BF4B-00C04F79EFBC}") = "01. HelloWorld", "ConsoleApplication2\01. HelloWorld.csproj", "{A2DC4AC6-CDC0-4B59-970B-8585CE1B0C5A}"
EndProject
Project("{FAE04EC0-301F-11D3-BF4B-00C04F79EFBC}") = "02. GetMax", "02. GetMax\02. GetMax.csproj", "{EDB9A161-CF51-4858-9B07-765855813E88}"
EndProject
Project("{FAE04EC0-301F-11D3-BF4B-00C04F79EFBC}") = "03. LastDigit", "03. LastDigit\03. LastDigit.csproj", "{7692EB5F-A6F8-4D97-85CE-E37D15B9FAB4}"
EndProject
Project("{FAE04EC0-301F-11D3-BF4B-00C04F79EFBC}") = "04. Counter", "04. Counter\04. Counter.csproj", "{08C4A795-0402-4625-BF35-20BD26020922}"
EndProject
Project("{FAE04EC0-301F-11D3-BF4B-00C04F79EFBC}") = "05-06. BiggerThanNeighbors", "05. BiggerThanNeighbors\05-06. BiggerThanNeighbors.csproj", "{A3CB30FB-D2C5-48D5-8B5D-F2610215C8D4}"
EndProject
Project("{FAE04EC0-301F-11D3-BF4B-00C04F79EFBC}") = "07. ReverseInteger", "07. ReverseInteger\07. ReverseInteger.csproj", "{696C8039-F8E0-4A59-B097-5AB3B90D9937}"
EndProject
Project("{FAE04EC0-301F-11D3-BF4B-00C04F79EFBC}") = "08. SumOfBigIntegers", "08. SumOfBigIntegers\08. SumOfBigIntegers.csproj", "{CB45E52A-BF98-4AF6-AC6E-D5DF0534A86E}"
EndProject
Project("{FAE04EC0-301F-11D3-BF4B-00C04F79EFBC}") = "UnitTests", "UnitTests\UnitTests.csproj", "{8FD54CCC-80F0-426E-A32A-5A9BCD82D7CD}"
EndProject
Project("{FAE04EC0-301F-11D3-BF4B-00C04F79EFBC}") = "09. Sorting", "09. Sorting\09. Sorting.csproj", "{DC632C87-A310-4C6D-B509-AF95A122A589}"
EndProject
Project("{FAE04EC0-301F-11D3-BF4B-00C04F79EFBC}") = "10. Factorial", "10. Factorial\10. Factorial.csproj", "{ABB84490-2724-491A-AAC7-F7192CBBE5C3}"
EndProject
Project("{FAE04EC0-301F-11D3-BF4B-00C04F79EFBC}") = "11-12. Polynomials", "11-12. Polynomials\11-12. Polynomials.csproj", "{E7DA9A11-8A16-45BF-806A-444AD3A3D698}"
EndProject
Project("{FAE04EC0-301F-11D3-BF4B-00C04F79EFBC}") = "13. VariousTasks", "13. VariousTasks\13. VariousTasks.csproj", "{A09C26CA-BA78-45D3-B687-E196B4D545EF}"
EndProject
Project("{FAE04EC0-301F-11D3-BF4B-00C04F79EFBC}") = "14-15. OperationsWithSets", "14-15. OperationsWithSets\14-15. OperationsWithSets.csproj", "{26751EBC-4757-4580-9258-22A8FCAE3D30}"
EndProject
Global
	GlobalSection(SolutionConfigurationPlatforms) = preSolution
		Debug|Any CPU = Debug|Any CPU
		Release|Any CPU = Release|Any CPU
	EndGlobalSection
	GlobalSection(ProjectConfigurationPlatforms) = postSolution
		{A2DC4AC6-CDC0-4B59-970B-8585CE1B0C5A}.Debug|Any CPU.ActiveCfg = Debug|Any CPU
		{A2DC4AC6-CDC0-4B59-970B-8585CE1B0C5A}.Debug|Any CPU.Build.0 = Debug|Any CPU
		{A2DC4AC6-CDC0-4B59-970B-8585CE1B0C5A}.Release|Any CPU.ActiveCfg = Release|Any CPU
		{A2DC4AC6-CDC0-4B59-970B-8585CE1B0C5A}.Release|Any CPU.Build.0 = Release|Any CPU
		{EDB9A161-CF51-4858-9B07-765855813E88}.Debug|Any CPU.ActiveCfg = Debug|Any CPU
		{EDB9A161-CF51-4858-9B07-765855813E88}.Debug|Any CPU.Build.0 = Debug|Any CPU
		{EDB9A161-CF51-4858-9B07-765855813E88}.Release|Any CPU.ActiveCfg = Release|Any CPU
		{EDB9A161-CF51-4858-9B07-765855813E88}.Release|Any CPU.Build.0 = Release|Any CPU
		{7692EB5F-A6F8-4D97-85CE-E37D15B9FAB4}.Debug|Any CPU.ActiveCfg = Debug|Any CPU
		{7692EB5F-A6F8-4D97-85CE-E37D15B9FAB4}.Debug|Any CPU.Build.0 = Debug|Any CPU
		{7692EB5F-A6F8-4D97-85CE-E37D15B9FAB4}.Release|Any CPU.ActiveCfg = Release|Any CPU
		{7692EB5F-A6F8-4D97-85CE-E37D15B9FAB4}.Release|Any CPU.Build.0 = Release|Any CPU
		{08C4A795-0402-4625-BF35-20BD26020922}.Debug|Any CPU.ActiveCfg = Debug|Any CPU
		{08C4A795-0402-4625-BF35-20BD26020922}.Debug|Any CPU.Build.0 = Debug|Any CPU
		{08C4A795-0402-4625-BF35-20BD26020922}.Release|Any CPU.ActiveCfg = Release|Any CPU
		{08C4A795-0402-4625-BF35-20BD26020922}.Release|Any CPU.Build.0 = Release|Any CPU
		{A3CB30FB-D2C5-48D5-8B5D-F2610215C8D4}.Debug|Any CPU.ActiveCfg = Debug|Any CPU
		{A3CB30FB-D2C5-48D5-8B5D-F2610215C8D4}.Debug|Any CPU.Build.0 = Debug|Any CPU
		{A3CB30FB-D2C5-48D5-8B5D-F2610215C8D4}.Release|Any CPU.ActiveCfg = Release|Any CPU
		{A3CB30FB-D2C5-48D5-8B5D-F2610215C8D4}.Release|Any CPU.Build.0 = Release|Any CPU
		{696C8039-F8E0-4A59-B097-5AB3B90D9937}.Debug|Any CPU.ActiveCfg = Debug|Any CPU
		{696C8039-F8E0-4A59-B097-5AB3B90D9937}.Debug|Any CPU.Build.0 = Debug|Any CPU
		{696C8039-F8E0-4A59-B097-5AB3B90D9937}.Release|Any CPU.ActiveCfg = Release|Any CPU
		{696C8039-F8E0-4A59-B097-5AB3B90D9937}.Release|Any CPU.Build.0 = Release|Any CPU
		{CB45E52A-BF98-4AF6-AC6E-D5DF0534A86E}.Debug|Any CPU.ActiveCfg = Debug|Any CPU
		{CB45E52A-BF98-4AF6-AC6E-D5DF0534A86E}.Debug|Any CPU.Build.0 = Debug|Any CPU
		{CB45E52A-BF98-4AF6-AC6E-D5DF0534A86E}.Release|Any CPU.ActiveCfg = Release|Any CPU
		{CB45E52A-BF98-4AF6-AC6E-D5DF0534A86E}.Release|Any CPU.Build.0 = Release|Any CPU
		{8FD54CCC-80F0-426E-A32A-5A9BCD82D7CD}.Debug|Any CPU.ActiveCfg = Debug|Any CPU
		{8FD54CCC-80F0-426E-A32A-5A9BCD82D7CD}.Debug|Any CPU.Build.0 = Debug|Any CPU
		{8FD54CCC-80F0-426E-A32A-5A9BCD82D7CD}.Release|Any CPU.ActiveCfg = Release|Any CPU
		{8FD54CCC-80F0-426E-A32A-5A9BCD82D7CD}.Release|Any CPU.Build.0 = Release|Any CPU
		{DC632C87-A310-4C6D-B509-AF95A122A589}.Debug|Any CPU.ActiveCfg = Debug|Any CPU
		{DC632C87-A310-4C6D-B509-AF95A122A589}.Debug|Any CPU.Build.0 = Debug|Any CPU
		{DC632C87-A310-4C6D-B509-AF95A122A589}.Release|Any CPU.ActiveCfg = Release|Any CPU
		{DC632C87-A310-4C6D-B509-AF95A122A589}.Release|Any CPU.Build.0 = Release|Any CPU
		{ABB84490-2724-491A-AAC7-F7192CBBE5C3}.Debug|Any CPU.ActiveCfg = Debug|Any CPU
		{ABB84490-2724-491A-AAC7-F7192CBBE5C3}.Debug|Any CPU.Build.0 = Debug|Any CPU
		{ABB84490-2724-491A-AAC7-F7192CBBE5C3}.Release|Any CPU.ActiveCfg = Release|Any CPU
		{ABB84490-2724-491A-AAC7-F7192CBBE5C3}.Release|Any CPU.Build.0 = Release|Any CPU
		{E7DA9A11-8A16-45BF-806A-444AD3A3D698}.Debug|Any CPU.ActiveCfg = Debug|Any CPU
		{E7DA9A11-8A16-45BF-806A-444AD3A3D698}.Debug|Any CPU.Build.0 = Debug|Any CPU
		{E7DA9A11-8A16-45BF-806A-444AD3A3D698}.Release|Any CPU.ActiveCfg = Release|Any CPU
		{E7DA9A11-8A16-45BF-806A-444AD3A3D698}.Release|Any CPU.Build.0 = Release|Any CPU
		{A09C26CA-BA78-45D3-B687-E196B4D545EF}.Debug|Any CPU.ActiveCfg = Debug|Any CPU
		{A09C26CA-BA78-45D3-B687-E196B4D545EF}.Debug|Any CPU.Build.0 = Debug|Any CPU
		{A09C26CA-BA78-45D3-B687-E196B4D545EF}.Release|Any CPU.ActiveCfg = Release|Any CPU
		{A09C26CA-BA78-45D3-B687-E196B4D545EF}.Release|Any CPU.Build.0 = Release|Any CPU
		{26751EBC-4757-4580-9258-22A8FCAE3D30}.Debug|Any CPU.ActiveCfg = Debug|Any CPU
		{26751EBC-4757-4580-9258-22A8FCAE3D30}.Debug|Any CPU.Build.0 = Debug|Any CPU
		{26751EBC-4757-4580-9258-22A8FCAE3D30}.Release|Any CPU.ActiveCfg = Release|Any CPU
		{26751EBC-4757-4580-9258-22A8FCAE3D30}.Release|Any CPU.Build.0 = Release|Any CPU
	EndGlobalSection
	GlobalSection(SolutionProperties) = preSolution
		HideSolutionNode = FALSE
	EndGlobalSection
EndGlobal
